
Microsoft Visual Studio Solution File, Format Version 12.00
# Visual Studio Version 17
VisualStudioVersion = 17.8.34330.188
MinimumVisualStudioVersion = 10.0.40219.1
Project("{FAE04EC0-301F-11D3-BF4B-00C04F79EFBC}") = "mail.api", "mail.api.csproj", "{7E293F10-D450-46A2-9841-47D54AC4B8BE}"
EndProject
Global
	GlobalSection(SolutionConfigurationPlatforms) = preSolution
		Debug|Any CPU = Debug|Any CPU
		Release|Any CPU = Release|Any CPU
	EndGlobalSection
	GlobalSection(ProjectConfigurationPlatforms) = postSolution
		{7E293F10-D450-46A2-9841-47D54AC4B8BE}.Debug|Any CPU.ActiveCfg = Debug|Any CPU
		{7E293F10-D450-46A2-9841-47D54AC4B8BE}.Debug|Any CPU.Build.0 = Debug|Any CPU
		{7E293F10-D450-46A2-9841-47D54AC4B8BE}.Release|Any CPU.ActiveCfg = Release|Any CPU
		{7E293F10-D450-46A2-9841-47D54AC4B8BE}.Release|Any CPU.Build.0 = Release|Any CPU
	EndGlobalSection
	GlobalSection(SolutionProperties) = preSolution
		HideSolutionNode = FALSE
	EndGlobalSection
	GlobalSection(ExtensibilityGlobals) = postSolution
		SolutionGuid = {7070F107-2124-4D64-8541-BCD41E05682E}
	EndGlobalSection
EndGlobal
